
Microsoft Visual Studio Solution File, Format Version 12.00
# Visual Studio Version 16
VisualStudioVersion = 16.0.31205.134
MinimumVisualStudioVersion = 10.0.40219.1
Project("{FAE04EC0-301F-11D3-BF4B-00C04F79EFBC}") = "CARPDataGenerator", "CARPDataGenerator\CARPDataGenerator.csproj", "{8591315A-A8B9-44CF-BE6E-5ED3889C536A}"
EndProject
Global
	GlobalSection(SolutionConfigurationPlatforms) = preSolution
		Debug|Any CPU = Debug|Any CPU
		Release|Any CPU = Release|Any CPU
	EndGlobalSection
	GlobalSection(ProjectConfigurationPlatforms) = postSolution
		{8591315A-A8B9-44CF-BE6E-5ED3889C536A}.Debug|Any CPU.ActiveCfg = Debug|Any CPU
		{8591315A-A8B9-44CF-BE6E-5ED3889C536A}.Debug|Any CPU.Build.0 = Debug|Any CPU
		{8591315A-A8B9-44CF-BE6E-5ED3889C536A}.Release|Any CPU.ActiveCfg = Release|Any CPU
		{8591315A-A8B9-44CF-BE6E-5ED3889C536A}.Release|Any CPU.Build.0 = Release|Any CPU
	EndGlobalSection
	GlobalSection(SolutionProperties) = preSolution
		HideSolutionNode = FALSE
	EndGlobalSection
	GlobalSection(ExtensibilityGlobals) = postSolution
		SolutionGuid = {5B21C04D-5BB6-48AD-9209-A690B2755D72}
	EndGlobalSection
EndGlobal
